
Microsoft Visual Studio Solution File, Format Version 12.00
# Visual Studio Version 17
VisualStudioVersion = 17.5.002.0
MinimumVisualStudioVersion = 10.0.40219.1
Project("{2150E333-8FDC-42A3-9474-1A3956D46DE8}") = "Lecture2", "Lecture2", "{5D39E216-82B1-4098-A663-21A88181E1D2}"
EndProject
Project("{9A19103F-16F7-4668-BE54-9A1E7A4F7556}") = "Task1", "Lecture2\Task1\Task1.csproj", "{099ECA0E-4417-44EB-8A0C-D27AFC4BD91C}"
EndProject
Global
	GlobalSection(SolutionConfigurationPlatforms) = preSolution
		Debug|Any CPU = Debug|Any CPU
		Release|Any CPU = Release|Any CPU
	EndGlobalSection
	GlobalSection(ProjectConfigurationPlatforms) = postSolution
		{099ECA0E-4417-44EB-8A0C-D27AFC4BD91C}.Debug|Any CPU.ActiveCfg = Debug|Any CPU
		{099ECA0E-4417-44EB-8A0C-D27AFC4BD91C}.Debug|Any CPU.Build.0 = Debug|Any CPU
		{099ECA0E-4417-44EB-8A0C-D27AFC4BD91C}.Release|Any CPU.ActiveCfg = Release|Any CPU
		{099ECA0E-4417-44EB-8A0C-D27AFC4BD91C}.Release|Any CPU.Build.0 = Release|Any CPU
	EndGlobalSection
	GlobalSection(SolutionProperties) = preSolution
		HideSolutionNode = FALSE
	EndGlobalSection
	GlobalSection(NestedProjects) = preSolution
		{099ECA0E-4417-44EB-8A0C-D27AFC4BD91C} = {5D39E216-82B1-4098-A663-21A88181E1D2}
	EndGlobalSection
	GlobalSection(ExtensibilityGlobals) = postSolution
		SolutionGuid = {0EF91C2C-7DD9-45C3-96C2-B6CCA80E4FC6}
	EndGlobalSection
EndGlobal
